// !$*UTF8*$!
{
	archiveVersion = 1;
	classes = {
	};
	objectVersion = 46;
	objects = {

/* Begin PBXBuildFile section */
		1805D8B31E27110C00A0924F /* InfoViewController.m in Sources */ = {isa = PBXBuildFile; fileRef = 1805D8B21E27110C00A0924F /* InfoViewController.m */; };
		1805D8B71E27227400A0924F /* ProductTableViewCell.m in Sources */ = {isa = PBXBuildFile; fileRef = 1805D8B51E27227400A0924F /* ProductTableViewCell.m */; };
		1805D8B81E27227400A0924F /* ProductTableViewCell.xib in Resources */ = {isa = PBXBuildFile; fileRef = 1805D8B61E27227400A0924F /* ProductTableViewCell.xib */; };
		1805D8BE1E28099200A0924F /* ProductInfo.m in Sources */ = {isa = PBXBuildFile; fileRef = 1805D8BD1E28099200A0924F /* ProductInfo.m */; };
		1805D8CE1E299A2A00A0924F /* CartTableViewCell.m in Sources */ = {isa = PBXBuildFile; fileRef = 1805D8CC1E299A2A00A0924F /* CartTableViewCell.m */; };
		1805D8CF1E299A2A00A0924F /* CartTableViewCell.xib in Resources */ = {isa = PBXBuildFile; fileRef = 1805D8CD1E299A2A00A0924F /* CartTableViewCell.xib */; };
		1805D8D21E29A27000A0924F /* cartInfo.m in Sources */ = {isa = PBXBuildFile; fileRef = 1805D8D11E29A27000A0924F /* cartInfo.m */; };
		18413CA71E37325A00FDECBF /* BackgroundView.m in Sources */ = {isa = PBXBuildFile; fileRef = 18413CA61E37325A00FDECBF /* BackgroundView.m */; };
		1879B5AB1E32DEB2009AD685 /* ProductDetailViewController.xib in Resources */ = {isa = PBXBuildFile; fileRef = 1879B5A81E32DEB2009AD685 /* ProductDetailViewController.xib */; };
		1879B5AC1E32DEB2009AD685 /* ProductDetailViewController.m in Sources */ = {isa = PBXBuildFile; fileRef = 1879B5A91E32DEB2009AD685 /* ProductDetailViewController.m */; };
		1879B5B21E32DEC4009AD685 /* ProductInfoViewController.m in Sources */ = {isa = PBXBuildFile; fileRef = 1879B5AE1E32DEC4009AD685 /* ProductInfoViewController.m */; };
		1879B5B31E32DEC4009AD685 /* ProductInfoViewController.xib in Resources */ = {isa = PBXBuildFile; fileRef = 1879B5AF1E32DEC4009AD685 /* ProductInfoViewController.xib */; };
		1879B5B41E32DEC4009AD685 /* CategoryLabel.m in Sources */ = {isa = PBXBuildFile; fileRef = 1879B5B01E32DEC4009AD685 /* CategoryLabel.m */; };
		18BDDC621E32F2C900CC53E5 /* Assets.xcassets in Resources */ = {isa = PBXBuildFile; fileRef = 18BDDC611E32F2C900CC53E5 /* Assets.xcassets */; };
		18BDDC741E3352B400CC53E5 /* ProductDetailTableViewCell.m in Sources */ = {isa = PBXBuildFile; fileRef = 18BDDC721E3352B400CC53E5 /* ProductDetailTableViewCell.m */; };
		18BDDC751E3352B400CC53E5 /* ProductDetailTableViewCell.xib in Resources */ = {isa = PBXBuildFile; fileRef = 18BDDC731E3352B400CC53E5 /* ProductDetailTableViewCell.xib */; };
		18BDDC791E33F69500CC53E5 /* ProductRelatedTableViewCell.m in Sources */ = {isa = PBXBuildFile; fileRef = 18BDDC771E33F69500CC53E5 /* ProductRelatedTableViewCell.m */; };
		18BDDC7A1E33F69500CC53E5 /* ProductRelatedTableViewCell.xib in Resources */ = {isa = PBXBuildFile; fileRef = 18BDDC781E33F69500CC53E5 /* ProductRelatedTableViewCell.xib */; };
		18BDDC7E1E33F6B000CC53E5 /* ProductReviewTableViewCell.m in Sources */ = {isa = PBXBuildFile; fileRef = 18BDDC7C1E33F6B000CC53E5 /* ProductReviewTableViewCell.m */; };
		18BDDC7F1E33F6B000CC53E5 /* ProductReviewTableViewCell.xib in Resources */ = {isa = PBXBuildFile; fileRef = 18BDDC7D1E33F6B000CC53E5 /* ProductReviewTableViewCell.xib */; };
		18BDDC831E35DACE00CC53E5 /* ProductDetailCheckoutViewController.m in Sources */ = {isa = PBXBuildFile; fileRef = 18BDDC811E35DACE00CC53E5 /* ProductDetailCheckoutViewController.m */; };
		18BDDC841E35DACE00CC53E5 /* ProductDetailCheckoutViewController.xib in Resources */ = {isa = PBXBuildFile; fileRef = 18BDDC821E35DACE00CC53E5 /* ProductDetailCheckoutViewController.xib */; };
		1F4AFE801E27082F0084DB8D /* main.m in Sources */ = {isa = PBXBuildFile; fileRef = 1F4AFE7F1E27082F0084DB8D /* main.m */; };
		1F4AFE831E27082F0084DB8D /* AppDelegate.m in Sources */ = {isa = PBXBuildFile; fileRef = 1F4AFE821E27082F0084DB8D /* AppDelegate.m */; };
		1F4AFE861E27082F0084DB8D /* HomeViewController.m in Sources */ = {isa = PBXBuildFile; fileRef = 1F4AFE851E27082F0084DB8D /* HomeViewController.m */; };
		1F4AFE891E27082F0084DB8D /* CartViewController.m in Sources */ = {isa = PBXBuildFile; fileRef = 1F4AFE881E27082F0084DB8D /* CartViewController.m */; };
		1F4AFE8C1E27082F0084DB8D /* Main.storyboard in Resources */ = {isa = PBXBuildFile; fileRef = 1F4AFE8A1E27082F0084DB8D /* Main.storyboard */; };
		1F4AFE911E27082F0084DB8D /* LaunchScreen.storyboard in Resources */ = {isa = PBXBuildFile; fileRef = 1F4AFE8F1E27082F0084DB8D /* LaunchScreen.storyboard */; };
		1F6CE5BE1E2C24490070B559 /* DataModel.xcdatamodeld in Sources */ = {isa = PBXBuildFile; fileRef = 1F6CE5BC1E2C24490070B559 /* DataModel.xcdatamodeld */; };
		1F6CE5E11E2E08690070B559 /* QuantityPickerViewController.m in Sources */ = {isa = PBXBuildFile; fileRef = 1F6CE5DF1E2E08690070B559 /* QuantityPickerViewController.m */; };
		1F6CE5E21E2E08690070B559 /* QuantityPickerViewController.xib in Resources */ = {isa = PBXBuildFile; fileRef = 1F6CE5E01E2E08690070B559 /* QuantityPickerViewController.xib */; };
		1F6CE5E51E30416F0070B559 /* CoreData.framework in Frameworks */ = {isa = PBXBuildFile; fileRef = 1F6CE5E41E30416F0070B559 /* CoreData.framework */; };
		1F6CE5E71E30417C0070B559 /* AudioToolbox.framework in Frameworks */ = {isa = PBXBuildFile; fileRef = 1F6CE5E61E30417C0070B559 /* AudioToolbox.framework */; };
		1F6CE5EA1E3044B20070B559 /* Sound.caf in Resources */ = {isa = PBXBuildFile; fileRef = 1F6CE5E91E3044B20070B559 /* Sound.caf */; };
		1FCEE58D1E35E18E00FC4623 /* CartProductInfo+CoreDataClass.m in Sources */ = {isa = PBXBuildFile; fileRef = 1FCEE58A1E35E18E00FC4623 /* CartProductInfo+CoreDataClass.m */; };
		1FCEE58E1E35E18E00FC4623 /* CartProductInfo+CoreDataProperties.m in Sources */ = {isa = PBXBuildFile; fileRef = 1FCEE58C1E35E18E00FC4623 /* CartProductInfo+CoreDataProperties.m */; };
		1FFEF1921E369BED00CCCF97 /* 180.png in Resources */ = {isa = PBXBuildFile; fileRef = 1FFEF1911E369BED00CCCF97 /* 180.png */; };
/* End PBXBuildFile section */

/* Begin PBXFileReference section */
		1805D8B11E27110C00A0924F /* InfoViewController.h */ = {isa = PBXFileReference; fileEncoding = 4; lastKnownFileType = sourcecode.c.h; path = InfoViewController.h; sourceTree = "<group>"; };
		1805D8B21E27110C00A0924F /* InfoViewController.m */ = {isa = PBXFileReference; fileEncoding = 4; lastKnownFileType = sourcecode.c.objc; path = InfoViewController.m; sourceTree = "<group>"; };
		1805D8B41E27227400A0924F /* ProductTableViewCell.h */ = {isa = PBXFileReference; fileEncoding = 4; lastKnownFileType = sourcecode.c.h; path = ProductTableViewCell.h; sourceTree = "<group>"; };
		1805D8B51E27227400A0924F /* ProductTableViewCell.m */ = {isa = PBXFileReference; fileEncoding = 4; lastKnownFileType = sourcecode.c.objc; path = ProductTableViewCell.m; sourceTree = "<group>"; };
		1805D8B61E27227400A0924F /* ProductTableViewCell.xib */ = {isa = PBXFileReference; fileEncoding = 4; lastKnownFileType = file.xib; path = ProductTableViewCell.xib; sourceTree = "<group>"; };
		1805D8BC1E28099200A0924F /* ProductInfo.h */ = {isa = PBXFileReference; fileEncoding = 4; lastKnownFileType = sourcecode.c.h; path = ProductInfo.h; sourceTree = "<group>"; };
		1805D8BD1E28099200A0924F /* ProductInfo.m */ = {isa = PBXFileReference; fileEncoding = 4; lastKnownFileType = sourcecode.c.objc; path = ProductInfo.m; sourceTree = "<group>"; };
		1805D8CB1E299A2A00A0924F /* CartTableViewCell.h */ = {isa = PBXFileReference; fileEncoding = 4; lastKnownFileType = sourcecode.c.h; path = CartTableViewCell.h; sourceTree = "<group>"; };
		1805D8CC1E299A2A00A0924F /* CartTableViewCell.m */ = {isa = PBXFileReference; fileEncoding = 4; lastKnownFileType = sourcecode.c.objc; path = CartTableViewCell.m; sourceTree = "<group>"; };
		1805D8CD1E299A2A00A0924F /* CartTableViewCell.xib */ = {isa = PBXFileReference; fileEncoding = 4; lastKnownFileType = file.xib; path = CartTableViewCell.xib; sourceTree = "<group>"; };
		1805D8D01E29A27000A0924F /* cartInfo.h */ = {isa = PBXFileReference; fileEncoding = 4; lastKnownFileType = sourcecode.c.h; path = cartInfo.h; sourceTree = "<group>"; };
		1805D8D11E29A27000A0924F /* cartInfo.m */ = {isa = PBXFileReference; fileEncoding = 4; lastKnownFileType = sourcecode.c.objc; path = cartInfo.m; sourceTree = "<group>"; };
		18413CA51E37325A00FDECBF /* BackgroundView.h */ = {isa = PBXFileReference; fileEncoding = 4; lastKnownFileType = sourcecode.c.h; path = BackgroundView.h; sourceTree = "<group>"; };
		18413CA61E37325A00FDECBF /* BackgroundView.m */ = {isa = PBXFileReference; fileEncoding = 4; lastKnownFileType = sourcecode.c.objc; path = BackgroundView.m; sourceTree = "<group>"; };
		1879B5A81E32DEB2009AD685 /* ProductDetailViewController.xib */ = {isa = PBXFileReference; fileEncoding = 4; lastKnownFileType = file.xib; path = ProductDetailViewController.xib; sourceTree = "<group>"; };
		1879B5A91E32DEB2009AD685 /* ProductDetailViewController.m */ = {isa = PBXFileReference; fileEncoding = 4; lastKnownFileType = sourcecode.c.objc; path = ProductDetailViewController.m; sourceTree = "<group>"; };
		1879B5AA1E32DEB2009AD685 /* ProductDetailViewController.h */ = {isa = PBXFileReference; fileEncoding = 4; lastKnownFileType = sourcecode.c.h; path = ProductDetailViewController.h; sourceTree = "<group>"; };
		1879B5AD1E32DEC4009AD685 /* ProductInfoViewController.h */ = {isa = PBXFileReference; fileEncoding = 4; lastKnownFileType = sourcecode.c.h; path = ProductInfoViewController.h; sourceTree = "<group>"; };
		1879B5AE1E32DEC4009AD685 /* ProductInfoViewController.m */ = {isa = PBXFileReference; fileEncoding = 4; lastKnownFileType = sourcecode.c.objc; path = ProductInfoViewController.m; sourceTree = "<group>"; };
		1879B5AF1E32DEC4009AD685 /* ProductInfoViewController.xib */ = {isa = PBXFileReference; fileEncoding = 4; lastKnownFileType = file.xib; path = ProductInfoViewController.xib; sourceTree = "<group>"; };
		1879B5B01E32DEC4009AD685 /* CategoryLabel.m */ = {isa = PBXFileReference; fileEncoding = 4; lastKnownFileType = sourcecode.c.objc; path = CategoryLabel.m; sourceTree = "<group>"; };
		1879B5B11E32DEC4009AD685 /* CategoryLabel.h */ = {isa = PBXFileReference; fileEncoding = 4; lastKnownFileType = sourcecode.c.h; path = CategoryLabel.h; sourceTree = "<group>"; };
		18BDDC611E32F2C900CC53E5 /* Assets.xcassets */ = {isa = PBXFileReference; lastKnownFileType = folder.assetcatalog; path = Assets.xcassets; sourceTree = "<group>"; };
		18BDDC711E3352B400CC53E5 /* ProductDetailTableViewCell.h */ = {isa = PBXFileReference; fileEncoding = 4; lastKnownFileType = sourcecode.c.h; path = ProductDetailTableViewCell.h; sourceTree = "<group>"; };
		18BDDC721E3352B400CC53E5 /* ProductDetailTableViewCell.m */ = {isa = PBXFileReference; fileEncoding = 4; lastKnownFileType = sourcecode.c.objc; path = ProductDetailTableViewCell.m; sourceTree = "<group>"; };
		18BDDC731E3352B400CC53E5 /* ProductDetailTableViewCell.xib */ = {isa = PBXFileReference; fileEncoding = 4; lastKnownFileType = file.xib; path = ProductDetailTableViewCell.xib; sourceTree = "<group>"; };
		18BDDC761E33F69500CC53E5 /* ProductRelatedTableViewCell.h */ = {isa = PBXFileReference; fileEncoding = 4; lastKnownFileType = sourcecode.c.h; path = ProductRelatedTableViewCell.h; sourceTree = "<group>"; };
		18BDDC771E33F69500CC53E5 /* ProductRelatedTableViewCell.m */ = {isa = PBXFileReference; fileEncoding = 4; lastKnownFileType = sourcecode.c.objc; path = ProductRelatedTableViewCell.m; sourceTree = "<group>"; };
		18BDDC781E33F69500CC53E5 /* ProductRelatedTableViewCell.xib */ = {isa = PBXFileReference; fileEncoding = 4; lastKnownFileType = file.xib; path = ProductRelatedTableViewCell.xib; sourceTree = "<group>"; };
		18BDDC7B1E33F6B000CC53E5 /* ProductReviewTableViewCell.h */ = {isa = PBXFileReference; fileEncoding = 4; lastKnownFileType = sourcecode.c.h; path = ProductReviewTableViewCell.h; sourceTree = "<group>"; };
		18BDDC7C1E33F6B000CC53E5 /* ProductReviewTableViewCell.m */ = {isa = PBXFileReference; fileEncoding = 4; lastKnownFileType = sourcecode.c.objc; path = ProductReviewTableViewCell.m; sourceTree = "<group>"; };
		18BDDC7D1E33F6B000CC53E5 /* ProductReviewTableViewCell.xib */ = {isa = PBXFileReference; fileEncoding = 4; lastKnownFileType = file.xib; path = ProductReviewTableViewCell.xib; sourceTree = "<group>"; };
		18BDDC801E35DACE00CC53E5 /* ProductDetailCheckoutViewController.h */ = {isa = PBXFileReference; fileEncoding = 4; lastKnownFileType = sourcecode.c.h; path = ProductDetailCheckoutViewController.h; sourceTree = "<group>"; };
		18BDDC811E35DACE00CC53E5 /* ProductDetailCheckoutViewController.m */ = {isa = PBXFileReference; fileEncoding = 4; lastKnownFileType = sourcecode.c.objc; path = ProductDetailCheckoutViewController.m; sourceTree = "<group>"; };
		18BDDC821E35DACE00CC53E5 /* ProductDetailCheckoutViewController.xib */ = {isa = PBXFileReference; fileEncoding = 4; lastKnownFileType = file.xib; path = ProductDetailCheckoutViewController.xib; sourceTree = "<group>"; };
		1F4AFE7B1E27082F0084DB8D /* N42Tian.app */ = {isa = PBXFileReference; explicitFileType = wrapper.application; includeInIndex = 0; path = N42Tian.app; sourceTree = BUILT_PRODUCTS_DIR; };
		1F4AFE7F1E27082F0084DB8D /* main.m */ = {isa = PBXFileReference; lastKnownFileType = sourcecode.c.objc; path = main.m; sourceTree = "<group>"; };
		1F4AFE811E27082F0084DB8D /* AppDelegate.h */ = {isa = PBXFileReference; lastKnownFileType = sourcecode.c.h; path = AppDelegate.h; sourceTree = "<group>"; };
		1F4AFE821E27082F0084DB8D /* AppDelegate.m */ = {isa = PBXFileReference; lastKnownFileType = sourcecode.c.objc; path = AppDelegate.m; sourceTree = "<group>"; };
		1F4AFE841E27082F0084DB8D /* HomeViewController.h */ = {isa = PBXFileReference; lastKnownFileType = sourcecode.c.h; path = HomeViewController.h; sourceTree = "<group>"; };
		1F4AFE851E27082F0084DB8D /* HomeViewController.m */ = {isa = PBXFileReference; lastKnownFileType = sourcecode.c.objc; path = HomeViewController.m; sourceTree = "<group>"; };
		1F4AFE871E27082F0084DB8D /* CartViewController.h */ = {isa = PBXFileReference; lastKnownFileType = sourcecode.c.h; path = CartViewController.h; sourceTree = "<group>"; };
		1F4AFE881E27082F0084DB8D /* CartViewController.m */ = {isa = PBXFileReference; lastKnownFileType = sourcecode.c.objc; path = CartViewController.m; sourceTree = "<group>"; };
		1F4AFE8B1E27082F0084DB8D /* Base */ = {isa = PBXFileReference; lastKnownFileType = file.storyboard; name = Base; path = Base.lproj/Main.storyboard; sourceTree = "<group>"; };
		1F4AFE901E27082F0084DB8D /* Base */ = {isa = PBXFileReference; lastKnownFileType = file.storyboard; name = Base; path = Base.lproj/LaunchScreen.storyboard; sourceTree = "<group>"; };
		1F4AFE921E27082F0084DB8D /* Info.plist */ = {isa = PBXFileReference; lastKnownFileType = text.plist.xml; path = Info.plist; sourceTree = "<group>"; };
		1F6CE5BD1E2C24490070B559 /* DataModel.xcdatamodel */ = {isa = PBXFileReference; lastKnownFileType = wrapper.xcdatamodel; path = DataModel.xcdatamodel; sourceTree = "<group>"; };
		1F6CE5DE1E2E08690070B559 /* QuantityPickerViewController.h */ = {isa = PBXFileReference; fileEncoding = 4; lastKnownFileType = sourcecode.c.h; path = QuantityPickerViewController.h; sourceTree = "<group>"; };
		1F6CE5DF1E2E08690070B559 /* QuantityPickerViewController.m */ = {isa = PBXFileReference; fileEncoding = 4; lastKnownFileType = sourcecode.c.objc; path = QuantityPickerViewController.m; sourceTree = "<group>"; };
		1F6CE5E01E2E08690070B559 /* QuantityPickerViewController.xib */ = {isa = PBXFileReference; fileEncoding = 4; lastKnownFileType = file.xib; path = QuantityPickerViewController.xib; sourceTree = "<group>"; };
		1F6CE5E41E30416F0070B559 /* CoreData.framework */ = {isa = PBXFileReference; lastKnownFileType = wrapper.framework; name = CoreData.framework; path = System/Library/Frameworks/CoreData.framework; sourceTree = SDKROOT; };
		1F6CE5E61E30417C0070B559 /* AudioToolbox.framework */ = {isa = PBXFileReference; lastKnownFileType = wrapper.framework; name = AudioToolbox.framework; path = System/Library/Frameworks/AudioToolbox.framework; sourceTree = SDKROOT; };
		1F6CE5E91E3044B20070B559 /* Sound.caf */ = {isa = PBXFileReference; lastKnownFileType = file; path = Sound.caf; sourceTree = "<group>"; };
		1FCEE5891E35E18E00FC4623 /* CartProductInfo+CoreDataClass.h */ = {isa = PBXFileReference; fileEncoding = 4; lastKnownFileType = sourcecode.c.h; name = "CartProductInfo+CoreDataClass.h"; path = "../CartProductInfo+CoreDataClass.h"; sourceTree = "<group>"; };
		1FCEE58A1E35E18E00FC4623 /* CartProductInfo+CoreDataClass.m */ = {isa = PBXFileReference; fileEncoding = 4; lastKnownFileType = sourcecode.c.objc; name = "CartProductInfo+CoreDataClass.m"; path = "../CartProductInfo+CoreDataClass.m"; sourceTree = "<group>"; };
		1FCEE58B1E35E18E00FC4623 /* CartProductInfo+CoreDataProperties.h */ = {isa = PBXFileReference; fileEncoding = 4; lastKnownFileType = sourcecode.c.h; name = "CartProductInfo+CoreDataProperties.h"; path = "../CartProductInfo+CoreDataProperties.h"; sourceTree = "<group>"; };
		1FCEE58C1E35E18E00FC4623 /* CartProductInfo+CoreDataProperties.m */ = {isa = PBXFileReference; fileEncoding = 4; lastKnownFileType = sourcecode.c.objc; name = "CartProductInfo+CoreDataProperties.m"; path = "../CartProductInfo+CoreDataProperties.m"; sourceTree = "<group>"; };
		1FFEF1911E369BED00CCCF97 /* 180.png */ = {isa = PBXFileReference; lastKnownFileType = image.png; path = 180.png; sourceTree = "<group>"; };
/* End PBXFileReference section */

/* Begin PBXFrameworksBuildPhase section */
		1F4AFE781E27082F0084DB8D /* Frameworks */ = {
			isa = PBXFrameworksBuildPhase;
			buildActionMask = 2147483647;
			files = (
				1F6CE5E71E30417C0070B559 /* AudioToolbox.framework in Frameworks */,
				1F6CE5E51E30416F0070B559 /* CoreData.framework in Frameworks */,
			);
			runOnlyForDeploymentPostprocessing = 0;
		};
/* End PBXFrameworksBuildPhase section */

/* Begin PBXGroup section */
		1805D8C21E2818E000A0924F /* ProductDetailViewController */ = {
			isa = PBXGroup;
			children = (
				1879B5AA1E32DEB2009AD685 /* ProductDetailViewController.h */,
				1879B5A91E32DEB2009AD685 /* ProductDetailViewController.m */,
				1879B5A81E32DEB2009AD685 /* ProductDetailViewController.xib */,
				1879B5B11E32DEC4009AD685 /* CategoryLabel.h */,
				1879B5B01E32DEC4009AD685 /* CategoryLabel.m */,
				1879B5AD1E32DEC4009AD685 /* ProductInfoViewController.h */,
				1879B5AE1E32DEC4009AD685 /* ProductInfoViewController.m */,
				1879B5AF1E32DEC4009AD685 /* ProductInfoViewController.xib */,
			);
			name = ProductDetailViewController;
			sourceTree = "<group>";
		};
		18BDDC631E334EE900CC53E5 /* ProductDetailViewController */ = {
			isa = PBXGroup;
			children = (
				18BDDC711E3352B400CC53E5 /* ProductDetailTableViewCell.h */,
				18BDDC721E3352B400CC53E5 /* ProductDetailTableViewCell.m */,
				18BDDC731E3352B400CC53E5 /* ProductDetailTableViewCell.xib */,
				18BDDC761E33F69500CC53E5 /* ProductRelatedTableViewCell.h */,
				18BDDC771E33F69500CC53E5 /* ProductRelatedTableViewCell.m */,
				18BDDC781E33F69500CC53E5 /* ProductRelatedTableViewCell.xib */,
				18BDDC7B1E33F6B000CC53E5 /* ProductReviewTableViewCell.h */,
				18BDDC7C1E33F6B000CC53E5 /* ProductReviewTableViewCell.m */,
				18BDDC7D1E33F6B000CC53E5 /* ProductReviewTableViewCell.xib */,
				18BDDC801E35DACE00CC53E5 /* ProductDetailCheckoutViewController.h */,
				18BDDC811E35DACE00CC53E5 /* ProductDetailCheckoutViewController.m */,
				18BDDC821E35DACE00CC53E5 /* ProductDetailCheckoutViewController.xib */,
				18413CA51E37325A00FDECBF /* BackgroundView.h */,
				18413CA61E37325A00FDECBF /* BackgroundView.m */,
			);
			name = ProductDetailViewController;
			sourceTree = "<group>";
		};
		1F4AFE721E27082F0084DB8D = {
			isa = PBXGroup;
			children = (
				1FFEF1911E369BED00CCCF97 /* 180.png */,
				18BDDC611E32F2C900CC53E5 /* Assets.xcassets */,
				1F6CE5E91E3044B20070B559 /* Sound.caf */,
				1F4AFE7D1E27082F0084DB8D /* N42Tian */,
				1F4AFE7C1E27082F0084DB8D /* Products */,
				1F6CE5E31E30416F0070B559 /* Frameworks */,
			);
			sourceTree = "<group>";
		};
		1F4AFE7C1E27082F0084DB8D /* Products */ = {
			isa = PBXGroup;
			children = (
				1F4AFE7B1E27082F0084DB8D /* N42Tian.app */,
			);
			name = Products;
			sourceTree = "<group>";
		};
		1F4AFE7D1E27082F0084DB8D /* N42Tian */ = {
			isa = PBXGroup;
			children = (
				1F4AFE811E27082F0084DB8D /* AppDelegate.h */,
				1F4AFE821E27082F0084DB8D /* AppDelegate.m */,
				1F4AFE8A1E27082F0084DB8D /* Main.storyboard */,
				1F4AFE981E2709030084DB8D /* Controller */,
				1F4AFE991E27093F0084DB8D /* Views */,
				1F4AFE9A1E2709410084DB8D /* Models */,
				1F4AFE8F1E27082F0084DB8D /* LaunchScreen.storyboard */,
				1F4AFE921E27082F0084DB8D /* Info.plist */,
				1F4AFE7E1E27082F0084DB8D /* Supporting Files */,
				1F6CE5BC1E2C24490070B559 /* DataModel.xcdatamodeld */,
			);
			path = N42Tian;
			sourceTree = "<group>";
		};
		1F4AFE7E1E27082F0084DB8D /* Supporting Files */ = {
			isa = PBXGroup;
			children = (
				1F4AFE7F1E27082F0084DB8D /* main.m */,
			);
			name = "Supporting Files";
			sourceTree = "<group>";
		};
		1F4AFE981E2709030084DB8D /* Controller */ = {
			isa = PBXGroup;
			children = (
				1F6CE5DD1E2E081A0070B559 /* QuantityPickerViewController */,
				1F4AFE9B1E2709620084DB8D /* HomeViewController */,
				1805D8C21E2818E000A0924F /* ProductDetailViewController */,
				1F4AFE9C1E2709930084DB8D /* CartViewController */,
				1F4AFE9D1E2709D40084DB8D /* InfoViewController */,
			);
			name = Controller;
			sourceTree = "<group>";
		};
		1F4AFE991E27093F0084DB8D /* Views */ = {
			isa = PBXGroup;
			children = (
				18BDDC631E334EE900CC53E5 /* ProductDetailViewController */,
				1F4AFEA11E271BF70084DB8D /* HomeViewController */,
				1F4AFE9F1E271BC90084DB8D /* CartViewController */,
				1F4AFE9E1E271B970084DB8D /* InfoViewController */,
			);
			name = Views;
			sourceTree = "<group>";
		};
		1F4AFE9A1E2709410084DB8D /* Models */ = {
			isa = PBXGroup;
			children = (
				1FCEE5891E35E18E00FC4623 /* CartProductInfo+CoreDataClass.h */,
				1FCEE58A1E35E18E00FC4623 /* CartProductInfo+CoreDataClass.m */,
				1FCEE58B1E35E18E00FC4623 /* CartProductInfo+CoreDataProperties.h */,
				1FCEE58C1E35E18E00FC4623 /* CartProductInfo+CoreDataProperties.m */,
				1805D8BC1E28099200A0924F /* ProductInfo.h */,
				1805D8BD1E28099200A0924F /* ProductInfo.m */,
				1805D8D01E29A27000A0924F /* cartInfo.h */,
				1805D8D11E29A27000A0924F /* cartInfo.m */,
			);
			name = Models;
			sourceTree = "<group>";
		};
		1F4AFE9B1E2709620084DB8D /* HomeViewController */ = {
			isa = PBXGroup;
			children = (
				1F4AFE841E27082F0084DB8D /* HomeViewController.h */,
				1F4AFE851E27082F0084DB8D /* HomeViewController.m */,
			);
			name = HomeViewController;
			sourceTree = "<group>";
		};
		1F4AFE9C1E2709930084DB8D /* CartViewController */ = {
			isa = PBXGroup;
			children = (
				1F4AFE871E27082F0084DB8D /* CartViewController.h */,
				1F4AFE881E27082F0084DB8D /* CartViewController.m */,
			);
			name = CartViewController;
			sourceTree = "<group>";
		};
		1F4AFE9D1E2709D40084DB8D /* InfoViewController */ = {
			isa = PBXGroup;
			children = (
				1805D8B11E27110C00A0924F /* InfoViewController.h */,
				1805D8B21E27110C00A0924F /* InfoViewController.m */,
			);
			name = InfoViewController;
			sourceTree = "<group>";
		};
		1F4AFE9E1E271B970084DB8D /* InfoViewController */ = {
			isa = PBXGroup;
			children = (
			);
			name = InfoViewController;
			sourceTree = "<group>";
		};
		1F4AFE9F1E271BC90084DB8D /* CartViewController */ = {
			isa = PBXGroup;
			children = (
				1805D8CB1E299A2A00A0924F /* CartTableViewCell.h */,
				1805D8CC1E299A2A00A0924F /* CartTableViewCell.m */,
				1805D8CD1E299A2A00A0924F /* CartTableViewCell.xib */,
			);
			name = CartViewController;
			sourceTree = "<group>";
		};
		1F4AFEA11E271BF70084DB8D /* HomeViewController */ = {
			isa = PBXGroup;
			children = (
				1805D8B41E27227400A0924F /* ProductTableViewCell.h */,
				1805D8B51E27227400A0924F /* ProductTableViewCell.m */,
				1805D8B61E27227400A0924F /* ProductTableViewCell.xib */,
			);
			name = HomeViewController;
			sourceTree = "<group>";
		};
		1F6CE5DD1E2E081A0070B559 /* QuantityPickerViewController */ = {
			isa = PBXGroup;
			children = (
				1F6CE5DE1E2E08690070B559 /* QuantityPickerViewController.h */,
				1F6CE5DF1E2E08690070B559 /* QuantityPickerViewController.m */,
				1F6CE5E01E2E08690070B559 /* QuantityPickerViewController.xib */,
			);
			name = QuantityPickerViewController;
			sourceTree = "<group>";
		};
		1F6CE5E31E30416F0070B559 /* Frameworks */ = {
			isa = PBXGroup;
			children = (
				1F6CE5E61E30417C0070B559 /* AudioToolbox.framework */,
				1F6CE5E41E30416F0070B559 /* CoreData.framework */,
			);
			name = Frameworks;
			sourceTree = "<group>";
		};
/* End PBXGroup section */

/* Begin PBXNativeTarget section */
		1F4AFE7A1E27082F0084DB8D /* N42Tian */ = {
			isa = PBXNativeTarget;
			buildConfigurationList = 1F4AFE951E27082F0084DB8D /* Build configuration list for PBXNativeTarget "N42Tian" */;
			buildPhases = (
				1F4AFE771E27082F0084DB8D /* Sources */,
				1F4AFE781E27082F0084DB8D /* Frameworks */,
				1F4AFE791E27082F0084DB8D /* Resources */,
			);
			buildRules = (
			);
			dependencies = (
			);
			name = N42Tian;
			productName = N42Tian;
			productReference = 1F4AFE7B1E27082F0084DB8D /* N42Tian.app */;
			productType = "com.apple.product-type.application";
		};
/* End PBXNativeTarget section */

/* Begin PBXProject section */
		1F4AFE731E27082F0084DB8D /* Project object */ = {
			isa = PBXProject;
			attributes = {
				LastUpgradeCheck = 0820;
				ORGANIZATIONNAME = N42Tian;
				TargetAttributes = {
					1F4AFE7A1E27082F0084DB8D = {
						CreatedOnToolsVersion = 8.1;
						ProvisioningStyle = Manual;
					};
				};
			};
			buildConfigurationList = 1F4AFE761E27082F0084DB8D /* Build configuration list for PBXProject "N42Tian" */;
			compatibilityVersion = "Xcode 3.2";
			developmentRegion = English;
			hasScannedForEncodings = 0;
			knownRegions = (
				en,
				Base,
			);
			mainGroup = 1F4AFE721E27082F0084DB8D;
			productRefGroup = 1F4AFE7C1E27082F0084DB8D /* Products */;
			projectDirPath = "";
			projectRoot = "";
			targets = (
				1F4AFE7A1E27082F0084DB8D /* N42Tian */,
			);
		};
/* End PBXProject section */

/* Begin PBXResourcesBuildPhase section */
		1F4AFE791E27082F0084DB8D /* Resources */ = {
			isa = PBXResourcesBuildPhase;
			buildActionMask = 2147483647;
			files = (
				18BDDC841E35DACE00CC53E5 /* ProductDetailCheckoutViewController.xib in Resources */,
				18BDDC7A1E33F69500CC53E5 /* ProductRelatedTableViewCell.xib in Resources */,
				18BDDC7F1E33F6B000CC53E5 /* ProductReviewTableViewCell.xib in Resources */,
				18BDDC751E3352B400CC53E5 /* ProductDetailTableViewCell.xib in Resources */,
				1879B5B31E32DEC4009AD685 /* ProductInfoViewController.xib in Resources */,
				1F4AFE911E27082F0084DB8D /* LaunchScreen.storyboard in Resources */,
				1805D8B81E27227400A0924F /* ProductTableViewCell.xib in Resources */,
				1F6CE5EA1E3044B20070B559 /* Sound.caf in Resources */,
				1879B5AB1E32DEB2009AD685 /* ProductDetailViewController.xib in Resources */,
				1FFEF1921E369BED00CCCF97 /* 180.png in Resources */,
				1F6CE5E21E2E08690070B559 /* QuantityPickerViewController.xib in Resources */,
				1805D8CF1E299A2A00A0924F /* CartTableViewCell.xib in Resources */,
				18BDDC621E32F2C900CC53E5 /* Assets.xcassets in Resources */,
				1F4AFE8C1E27082F0084DB8D /* Main.storyboard in Resources */,
			);
			runOnlyForDeploymentPostprocessing = 0;
		};
/* End PBXResourcesBuildPhase section */

/* Begin PBXSourcesBuildPhase section */
		1F4AFE771E27082F0084DB8D /* Sources */ = {
			isa = PBXSourcesBuildPhase;
			buildActionMask = 2147483647;
			files = (
				1F4AFE891E27082F0084DB8D /* CartViewController.m in Sources */,
				1805D8CE1E299A2A00A0924F /* CartTableViewCell.m in Sources */,
				1879B5B21E32DEC4009AD685 /* ProductInfoViewController.m in Sources */,
				1F6CE5E11E2E08690070B559 /* QuantityPickerViewController.m in Sources */,
				18BDDC831E35DACE00CC53E5 /* ProductDetailCheckoutViewController.m in Sources */,
				1F4AFE831E27082F0084DB8D /* AppDelegate.m in Sources */,
				1805D8D21E29A27000A0924F /* cartInfo.m in Sources */,
				1805D8BE1E28099200A0924F /* ProductInfo.m in Sources */,
				1879B5B41E32DEC4009AD685 /* CategoryLabel.m in Sources */,
				18BDDC791E33F69500CC53E5 /* ProductRelatedTableViewCell.m in Sources */,
				1FCEE58E1E35E18E00FC4623 /* CartProductInfo+CoreDataProperties.m in Sources */,
				1879B5AC1E32DEB2009AD685 /* ProductDetailViewController.m in Sources */,
				1F4AFE861E27082F0084DB8D /* HomeViewController.m in Sources */,
				1805D8B71E27227400A0924F /* ProductTableViewCell.m in Sources */,
				18413CA71E37325A00FDECBF /* BackgroundView.m in Sources */,
				1805D8B31E27110C00A0924F /* InfoViewController.m in Sources */,
				1F6CE5BE1E2C24490070B559 /* DataModel.xcdatamodeld in Sources */,
				18BDDC7E1E33F6B000CC53E5 /* ProductReviewTableViewCell.m in Sources */,
				18BDDC741E3352B400CC53E5 /* ProductDetailTableViewCell.m in Sources */,
				1FCEE58D1E35E18E00FC4623 /* CartProductInfo+CoreDataClass.m in Sources */,
				1F4AFE801E27082F0084DB8D /* main.m in Sources */,
			);
			runOnlyForDeploymentPostprocessing = 0;
		};
/* End PBXSourcesBuildPhase section */

/* Begin PBXVariantGroup section */
		1F4AFE8A1E27082F0084DB8D /* Main.storyboard */ = {
			isa = PBXVariantGroup;
			children = (
				1F4AFE8B1E27082F0084DB8D /* Base */,
			);
			name = Main.storyboard;
			sourceTree = "<group>";
		};
		1F4AFE8F1E27082F0084DB8D /* LaunchScreen.storyboard */ = {
			isa = PBXVariantGroup;
			children = (
				1F4AFE901E27082F0084DB8D /* Base */,
			);
			name = LaunchScreen.storyboard;
			sourceTree = "<group>";
		};
/* End PBXVariantGroup section */

/* Begin XCBuildConfiguration section */
		1F4AFE931E27082F0084DB8D /* Debug */ = {
			isa = XCBuildConfiguration;
			buildSettings = {
				ALWAYS_SEARCH_USER_PATHS = NO;
				CLANG_ANALYZER_NONNULL = YES;
				CLANG_CXX_LANGUAGE_STANDARD = "gnu++0x";
				CLANG_CXX_LIBRARY = "libc++";
				CLANG_ENABLE_MODULES = YES;
				CLANG_ENABLE_OBJC_ARC = YES;
				CLANG_WARN_BOOL_CONVERSION = YES;
				CLANG_WARN_CONSTANT_CONVERSION = YES;
				CLANG_WARN_DIRECT_OBJC_ISA_USAGE = YES_ERROR;
				CLANG_WARN_DOCUMENTATION_COMMENTS = YES;
				CLANG_WARN_EMPTY_BODY = YES;
				CLANG_WARN_ENUM_CONVERSION = YES;
				CLANG_WARN_INFINITE_RECURSION = YES;
				CLANG_WARN_INT_CONVERSION = YES;
				CLANG_WARN_OBJC_ROOT_CLASS = YES_ERROR;
				CLANG_WARN_SUSPICIOUS_MOVE = YES;
				CLANG_WARN_SUSPICIOUS_MOVES = YES;
				CLANG_WARN_UNREACHABLE_CODE = YES;
				CLANG_WARN__DUPLICATE_METHOD_MATCH = YES;
				"CODE_SIGN_IDENTITY[sdk=iphoneos*]" = "iPhone Developer";
				COPY_PHASE_STRIP = NO;
				DEBUG_INFORMATION_FORMAT = dwarf;
				ENABLE_STRICT_OBJC_MSGSEND = YES;
				ENABLE_TESTABILITY = YES;
				GCC_C_LANGUAGE_STANDARD = gnu99;
				GCC_DYNAMIC_NO_PIC = NO;
				GCC_NO_COMMON_BLOCKS = YES;
				GCC_OPTIMIZATION_LEVEL = 0;
				GCC_PREPROCESSOR_DEFINITIONS = (
					"DEBUG=1",
					"$(inherited)",
				);
				GCC_WARN_64_TO_32_BIT_CONVERSION = YES;
				GCC_WARN_ABOUT_RETURN_TYPE = YES_ERROR;
				GCC_WARN_UNDECLARED_SELECTOR = YES;
				GCC_WARN_UNINITIALIZED_AUTOS = YES_AGGRESSIVE;
				GCC_WARN_UNUSED_FUNCTION = YES;
				GCC_WARN_UNUSED_VARIABLE = YES;
				IPHONEOS_DEPLOYMENT_TARGET = 8.2;
				MTL_ENABLE_DEBUG_INFO = YES;
				ONLY_ACTIVE_ARCH = YES;
				SDKROOT = iphoneos;
			};
			name = Debug;
		};
		1F4AFE941E27082F0084DB8D /* Release */ = {
			isa = XCBuildConfiguration;
			buildSettings = {
				ALWAYS_SEARCH_USER_PATHS = NO;
				CLANG_ANALYZER_NONNULL = YES;
				CLANG_CXX_LANGUAGE_STANDARD = "gnu++0x";
				CLANG_CXX_LIBRARY = "libc++";
				CLANG_ENABLE_MODULES = YES;
				CLANG_ENABLE_OBJC_ARC = YES;
				CLANG_WARN_BOOL_CONVERSION = YES;
				CLANG_WARN_CONSTANT_CONVERSION = YES;
				CLANG_WARN_DIRECT_OBJC_ISA_USAGE = YES_ERROR;
				CLANG_WARN_DOCUMENTATION_COMMENTS = YES;
				CLANG_WARN_EMPTY_BODY = YES;
				CLANG_WARN_ENUM_CONVERSION = YES;
				CLANG_WARN_INFINITE_RECURSION = YES;
				CLANG_WARN_INT_CONVERSION = YES;
				CLANG_WARN_OBJC_ROOT_CLASS = YES_ERROR;
				CLANG_WARN_SUSPICIOUS_MOVE = YES;
				CLANG_WARN_SUSPICIOUS_MOVES = YES;
				CLANG_WARN_UNREACHABLE_CODE = YES;
				CLANG_WARN__DUPLICATE_METHOD_MATCH = YES;
				"CODE_SIGN_IDENTITY[sdk=iphoneos*]" = "iPhone Developer";
				COPY_PHASE_STRIP = NO;
				DEBUG_INFORMATION_FORMAT = "dwarf-with-dsym";
				ENABLE_NS_ASSERTIONS = NO;
				ENABLE_STRICT_OBJC_MSGSEND = YES;
				GCC_C_LANGUAGE_STANDARD = gnu99;
				GCC_NO_COMMON_BLOCKS = YES;
				GCC_WARN_64_TO_32_BIT_CONVERSION = YES;
				GCC_WARN_ABOUT_RETURN_TYPE = YES_ERROR;
				GCC_WARN_UNDECLARED_SELECTOR = YES;
				GCC_WARN_UNINITIALIZED_AUTOS = YES_AGGRESSIVE;
				GCC_WARN_UNUSED_FUNCTION = YES;
				GCC_WARN_UNUSED_VARIABLE = YES;
				IPHONEOS_DEPLOYMENT_TARGET = 8.2;
				MTL_ENABLE_DEBUG_INFO = NO;
				SDKROOT = iphoneos;
				VALIDATE_PRODUCT = YES;
			};
			name = Release;
		};
		1F4AFE961E27082F0084DB8D /* Debug */ = {
			isa = XCBuildConfiguration;
			buildSettings = {
				ASSETCATALOG_COMPILER_APPICON_NAME = AppIcon;
				DEVELOPMENT_TEAM = "";
				INFOPLIST_FILE = N42Tian/Info.plist;
				IPHONEOS_DEPLOYMENT_TARGET = 8.2;
				LD_RUNPATH_SEARCH_PATHS = "$(inherited) @executable_path/Frameworks";
				PRODUCT_BUNDLE_IDENTIFIER = N42Tian.com;
				PRODUCT_NAME = "$(TARGET_NAME)";
			};
			name = Debug;
		};
		1F4AFE971E27082F0084DB8D /* Release */ = {
			isa = XCBuildConfiguration;
			buildSettings = {
				ASSETCATALOG_COMPILER_APPICON_NAME = AppIcon;
				DEVELOPMENT_TEAM = "";
				INFOPLIST_FILE = N42Tian/Info.plist;
				IPHONEOS_DEPLOYMENT_TARGET = 8.2;
				LD_RUNPATH_SEARCH_PATHS = "$(inherited) @executable_path/Frameworks";
				PRODUCT_BUNDLE_IDENTIFIER = N42Tian.com;
				PRODUCT_NAME = "$(TARGET_NAME)";
			};
			name = Release;
		};
/* End XCBuildConfiguration section */

/* Begin XCConfigurationList section */
		1F4AFE761E27082F0084DB8D /* Build configuration list for PBXProject "N42Tian" */ = {
			isa = XCConfigurationList;
			buildConfigurations = (
				1F4AFE931E27082F0084DB8D /* Debug */,
				1F4AFE941E27082F0084DB8D /* Release */,
			);
			defaultConfigurationIsVisible = 0;
			defaultConfigurationName = Release;
		};
		1F4AFE951E27082F0084DB8D /* Build configuration list for PBXNativeTarget "N42Tian" */ = {
			isa = XCConfigurationList;
			buildConfigurations = (
				1F4AFE961E27082F0084DB8D /* Debug */,
				1F4AFE971E27082F0084DB8D /* Release */,
			);
			defaultConfigurationIsVisible = 0;
			defaultConfigurationName = Release;
		};
/* End XCConfigurationList section */

/* Begin XCVersionGroup section */
		1F6CE5BC1E2C24490070B559 /* DataModel.xcdatamodeld */ = {
			isa = XCVersionGroup;
			children = (
				1F6CE5BD1E2C24490070B559 /* DataModel.xcdatamodel */,
			);
			currentVersion = 1F6CE5BD1E2C24490070B559 /* DataModel.xcdatamodel */;
			path = DataModel.xcdatamodeld;
			sourceTree = "<group>";
			versionGroupType = wrapper.xcdatamodel;
		};
/* End XCVersionGroup section */
	};
	rootObject = 1F4AFE731E27082F0084DB8D /* Project object */;
}
